<?xml version="1.0" encoding="UTF-8" standalone="yes" ?>
<CodeBlocks_project_file>
	<FileVersion major="1" minor="6" />
	<Project>
		<Option title="BonolB" />
		<Option pch_mode="2" />
		<Option compiler="gcc" />
		<Build>
			<Target title="Debug">
				<Option output="bin/Debug/BonolB" prefix_auto="1" extension_auto="1" />
				<Option object_output="obj/Debug/" />
				<Option type="1" />
				<Option compiler="gcc" />
				<Compiler>
					<Add option="-g" />
				</Compiler>
			</Target>
			<Target title="Release">
				<Option output="bin/Release/BonolB" prefix_auto="1" extension_auto="1" />
				<Option object_output="obj/Release/" />
				<Option type="1" />
				<Option compiler="gcc" />
				<Compiler>
					<Add option="-O2" />
				</Compiler>
				<Linker>
					<Add option="-s" />
				</Linker>
			</Target>
		</Build>
		<Compiler>
			<Add option="-Wall" />
			<Add option="-fexceptions" />
		</Compiler>
		<Linker>
			<Add directory="audio" />
		</Linker>
		<Unit filename="AI.hpp" />
		<Unit filename="Draw.hpp">
			<Option target="&lt;{~None~}&gt;" />
		</Unit>
		<Unit filename="Logics.hpp">
			<Option target="&lt;{~None~}&gt;" />
		</Unit>
		<Unit filename="MovePiece.hpp">
			<Option target="&lt;{~None~}&gt;" />
		</Unit>
		<Unit filename="Pozitii.hpp">
			<Option target="&lt;{~None~}&gt;" />
		</Unit>
		<Unit filename="audio/BackgroundMusic.wav" />
		<Unit filename="audio/BoopEffect.wav" />
		<Unit filename="audio/ButtonPress.wav" />
		<Unit filename="audio/InvalidMove.wav" />
		<Unit filename="audio/UndoEffect.wav" />
		<Unit filename="inGameHolder.hpp">
			<Option target="&lt;{~None~}&gt;" />
		</Unit>
		<Unit filename="main.cpp" />
		<Extensions>
			<code_completion />
			<envvars />
			<debugger />
			<lib_finder disable_auto="1" />
		</Extensions>
	</Project>
</CodeBlocks_project_file>
